{
  "name": "next-aws-lambda-webpack-plugin",
  "version": "0.0.1",
  "lockfileVersion": 1,
  "requires": true,
  "dependencies": {
    "next-aws-lambda": {
      "version": "2.3.4",
      "resolved": "https://registry.npmjs.org/next-aws-lambda/-/next-aws-lambda-2.3.4.tgz",
      "integrity": "sha512-WhqBDntQihQr4IVxWUYyAcbxaw79No3+be4je6/opefSl2fnBwfPh0amh5nsnMoONEZlW0G6uZpgxoNgyHljlA=="
    }
  }
}
